
Microsoft Visual Studio Solution File, Format Version 11.00
# Visual Studio 2010
Project("{FAE04EC0-301F-11D3-BF4B-00C04F79EFBC}") = "WebApplication1", "WebApplication1\WebApplication1.csproj", "{D260EBF5-E0E3-4E24-833C-16BDA3F404EF}"
EndProject
Global
	GlobalSection(TeamFoundationVersionControl) = preSolution
		SccNumberOfProjects = 2
		SccEnterpriseProvider = {4CA58AB2-18FA-4F8D-95D4-32DDF27D184C}
		SccTeamFoundationServer = http://h4fgks1:8080/tfs/ash%20webapplications%20collection
		SccLocalPath0 = .
		SccProjectUniqueName1 = WebApplication1\\WebApplication1.csproj
		SccProjectName1 = WebApplication1
		SccLocalPath1 = WebApplication1
	EndGlobalSection
	GlobalSection(SolutionConfigurationPlatforms) = preSolution
		Debug|Any CPU = Debug|Any CPU
		Release|Any CPU = Release|Any CPU
	EndGlobalSection
	GlobalSection(ProjectConfigurationPlatforms) = postSolution
		{D260EBF5-E0E3-4E24-833C-16BDA3F404EF}.Debug|Any CPU.ActiveCfg = Debug|Any CPU
		{D260EBF5-E0E3-4E24-833C-16BDA3F404EF}.Debug|Any CPU.Build.0 = Debug|Any CPU
		{D260EBF5-E0E3-4E24-833C-16BDA3F404EF}.Release|Any CPU.ActiveCfg = Release|Any CPU
		{D260EBF5-E0E3-4E24-833C-16BDA3F404EF}.Release|Any CPU.Build.0 = Release|Any CPU
	EndGlobalSection
	GlobalSection(SolutionProperties) = preSolution
		HideSolutionNode = FALSE
	EndGlobalSection
EndGlobal
